
Microsoft Visual Studio Solution File, Format Version 12.00
# Visual Studio 15
VisualStudioVersion = 15.0.27130.2024
MinimumVisualStudioVersion = 10.0.40219.1
Project("{FAE04EC0-301F-11D3-BF4B-00C04F79EFBC}") = "StringTraning", "StringTraning\StringTraning.csproj", "{79511265-E9A7-46C7-AA58-1038759D50CB}"
EndProject
Global
	GlobalSection(SolutionConfigurationPlatforms) = preSolution
		Debug|Any CPU = Debug|Any CPU
		Release|Any CPU = Release|Any CPU
	EndGlobalSection
	GlobalSection(ProjectConfigurationPlatforms) = postSolution
		{79511265-E9A7-46C7-AA58-1038759D50CB}.Debug|Any CPU.ActiveCfg = Debug|Any CPU
		{79511265-E9A7-46C7-AA58-1038759D50CB}.Debug|Any CPU.Build.0 = Debug|Any CPU
		{79511265-E9A7-46C7-AA58-1038759D50CB}.Release|Any CPU.ActiveCfg = Release|Any CPU
		{79511265-E9A7-46C7-AA58-1038759D50CB}.Release|Any CPU.Build.0 = Release|Any CPU
	EndGlobalSection
	GlobalSection(SolutionProperties) = preSolution
		HideSolutionNode = FALSE
	EndGlobalSection
	GlobalSection(ExtensibilityGlobals) = postSolution
		SolutionGuid = {6DA11AA9-8841-4A6F-9733-4663EE3379FB}
	EndGlobalSection
EndGlobal
